
Microsoft Visual Studio Solution File, Format Version 12.00
# Visual Studio 14
VisualStudioVersion = 14.0.25420.1
MinimumVisualStudioVersion = 10.0.40219.1
Project("{FAE04EC0-301F-11D3-BF4B-00C04F79EFBC}") = "EmployeeForm", "EmployeeForm\EmployeeForm.csproj", "{45B926A2-8178-4A99-A786-3A017769AF75}"
EndProject
Project("{FAE04EC0-301F-11D3-BF4B-00C04F79EFBC}") = "EmployeeFormLibrary", "EmployeeFormLibrary\EmployeeFormLibrary.csproj", "{7151D818-53D2-442C-9147-F2905BE44A66}"
EndProject
Global
	GlobalSection(SolutionConfigurationPlatforms) = preSolution
		Debug|Any CPU = Debug|Any CPU
		Release|Any CPU = Release|Any CPU
	EndGlobalSection
	GlobalSection(ProjectConfigurationPlatforms) = postSolution
		{45B926A2-8178-4A99-A786-3A017769AF75}.Debug|Any CPU.ActiveCfg = Debug|Any CPU
		{45B926A2-8178-4A99-A786-3A017769AF75}.Debug|Any CPU.Build.0 = Debug|Any CPU
		{45B926A2-8178-4A99-A786-3A017769AF75}.Release|Any CPU.ActiveCfg = Release|Any CPU
		{45B926A2-8178-4A99-A786-3A017769AF75}.Release|Any CPU.Build.0 = Release|Any CPU
		{7151D818-53D2-442C-9147-F2905BE44A66}.Debug|Any CPU.ActiveCfg = Debug|Any CPU
		{7151D818-53D2-442C-9147-F2905BE44A66}.Debug|Any CPU.Build.0 = Debug|Any CPU
		{7151D818-53D2-442C-9147-F2905BE44A66}.Release|Any CPU.ActiveCfg = Release|Any CPU
		{7151D818-53D2-442C-9147-F2905BE44A66}.Release|Any CPU.Build.0 = Release|Any CPU
	EndGlobalSection
	GlobalSection(SolutionProperties) = preSolution
		HideSolutionNode = FALSE
	EndGlobalSection
EndGlobal
